{
  "name": "19-ins_npm-init",
  "version": "1.0.0",
  "lockfileVersion": 3,
  "requires": true,
  "packages": {
    "": {
      "name": "19-ins_npm-init",
      "version": "1.0.0",
      "license": "ISC",
      "dependencies": {
        "string-strip-html": "^13.4.8",
        "validator": "^13.11.0"
      }
    },
    "node_modules/@types/lodash": {
      "version": "4.17.10",
      "resolved": "https://registry.npmjs.org/@types/lodash/-/lodash-4.17.10.tgz",
      "integrity": "sha512-YpS0zzoduEhuOWjAotS6A5AVCva7X4lVlYLF0FYHAY9sdraBfnatttHItlWeZdGhuEkf+OzMNg2ZYAx8t+52uQ=="
    },
    "node_modules/@types/lodash-es": {
      "version": "4.17.12",
      "resolved": "https://registry.npmjs.org/@types/lodash-es/-/lodash-es-4.17.12.tgz",
      "integrity": "sha512-0NgftHUcV4v34VhXm8QBSftKVXtbkBG3ViCjs6+eJ5a6y6Mi/jiFGPc1sC7QK+9BFhWrURE3EOggmWaSxL9OzQ==",
      "dependencies": {
        "@types/lodash": "*"
      }
    },
    "node_modules/codsen-utils": {
      "version": "1.6.4",
      "resolved": "https://registry.npmjs.org/codsen-utils/-/codsen-utils-1.6.4.tgz",
      "integrity": "sha512-PDyvQ5f2PValmqZZIJATimcokDt4JjIev8cKbZgEOoZm+U1IJDYuLeTcxZPQdep99R/X0RIlQ6ReQgPOVnPbNw==",
      "dependencies": {
        "rfdc": "^1.3.1"
      },
      "engines": {
        "node": ">=14.18.0"
      }
    },
    "node_modules/html-entities": {
      "version": "2.5.2",
      "resolved": "https://registry.npmjs.org/html-entities/-/html-entities-2.5.2.tgz",
      "integrity": "sha512-K//PSRMQk4FZ78Kyau+mZurHn3FH0Vwr+H36eE0rPbeYkRRi9YxceYPhuN60UwWorxyKHhqoAJl2OFKa4BVtaA==",
      "funding": [
        {
          "type": "github",
          "url": "https://github.com/sponsors/mdevils"
        },
        {
          "type": "patreon",
          "url": "https://patreon.com/mdevils"
        }
      ]
    },
    "node_modules/lodash-es": {
      "version": "4.17.21",
      "resolved": "https://registry.npmjs.org/lodash-es/-/lodash-es-4.17.21.tgz",
      "integrity": "sha512-mKnC+QJ9pWVzv+C4/U3rRsHapFfHvQFoFB92e52xeyGMcX6/OlIl78je1u8vePzYZSkkogMPJ2yjxxsb89cxyw=="
    },
    "node_modules/ranges-apply": {
      "version": "7.0.16",
      "resolved": "https://registry.npmjs.org/ranges-apply/-/ranges-apply-7.0.16.tgz",
      "integrity": "sha512-4rGJHOyA7qatiMDg3vcETkc/TVBPU86/xZRTXff6o7a2neYLmj0EXUUAlhLVuiWAzTPHDPHOQxtk8EDrIF4ohg==",
      "dependencies": {
        "ranges-merge": "^9.0.15",
        "tiny-invariant": "^1.3.3"
      },
      "engines": {
        "node": ">=14.18.0"
      }
    },
    "node_modules/ranges-merge": {
      "version": "9.0.15",
      "resolved": "https://registry.npmjs.org/ranges-merge/-/ranges-merge-9.0.15.tgz",
      "integrity": "sha512-hvt4hx0FKIaVfjd1oKx0poL57ljxdL2KHC6bXBrAdsx2iCsH+x7nO/5J0k2veM/isnOcFZKp0ZKkiCjCtzy74Q==",
      "dependencies": {
        "ranges-push": "^7.0.15",
        "ranges-sort": "^6.0.11"
      },
      "engines": {
        "node": ">=14.18.0"
      }
    },
    "node_modules/ranges-push": {
      "version": "7.0.15",
      "resolved": "https://registry.npmjs.org/ranges-push/-/ranges-push-7.0.15.tgz",
      "integrity": "sha512-gXpBYQ5Umf3uG6jkJnw5ddok2Xfo5p22rAJBLrqzNKa7qkj3q5AOCoxfRPXEHUVaJutfXc9K9eGXdIzdyQKPkw==",
      "dependencies": {
        "codsen-utils": "^1.6.4",
        "ranges-sort": "^6.0.11",
        "string-collapse-leading-whitespace": "^7.0.7",
        "string-trim-spaces-only": "^5.0.10"
      },
      "engines": {
        "node": ">=14.18.0"
      }
    },
    "node_modules/ranges-sort": {
      "version": "6.0.11",
      "resolved": "https://registry.npmjs.org/ranges-sort/-/ranges-sort-6.0.11.tgz",
      "integrity": "sha512-fhNEG0vGi7bESitNNqNBAfYPdl2efB+1paFlI8BQDCNkruERKuuhG8LkQClDIVqUJLkrmKuOSPQ3xZHqVnVo3Q==",
      "engines": {
        "node": ">=14.18.0"
      }
    },
    "node_modules/rfdc": {
      "version": "1.4.1",
      "resolved": "https://registry.npmjs.org/rfdc/-/rfdc-1.4.1.tgz",
      "integrity": "sha512-q1b3N5QkRUWUl7iyylaaj3kOpIT0N2i9MqIEQXP73GVsN9cw3fdx8X63cEmWhJGi2PPCF23Ijp7ktmd39rawIA=="
    },
    "node_modules/string-collapse-leading-whitespace": {
      "version": "7.0.7",
      "resolved": "https://registry.npmjs.org/string-collapse-leading-whitespace/-/string-collapse-leading-whitespace-7.0.7.tgz",
      "integrity": "sha512-jF9eynJoE6ezTCdYI8Qb02/ij/DlU9ItG93Dty4SWfJeLFrotOr+wH9IRiWHTqO3mjCyqBWEiU3uSTIbxYbAEQ==",
      "engines": {
        "node": ">=14.18.0"
      }
    },
    "node_modules/string-left-right": {
      "version": "6.0.17",
      "resolved": "https://registry.npmjs.org/string-left-right/-/string-left-right-6.0.17.tgz",
      "integrity": "sha512-nuyIV4D4ivnwT64E0TudmCRg52NfkumuEUilyoOrHb/Z2wEOF5I+9SI6P+veFKqWKZfGpAs6OqKe4nAjujARyw==",
      "dependencies": {
        "codsen-utils": "^1.6.4",
        "rfdc": "^1.3.1"
      },
      "engines": {
        "node": ">=14.18.0"
      }
    },
    "node_modules/string-strip-html": {
      "version": "13.4.8",
      "resolved": "https://registry.npmjs.org/string-strip-html/-/string-strip-html-13.4.8.tgz",
      "integrity": "sha512-vlcRAtx5DN6zXGUx3EYGFg0/JOQWM65mqLgDaBHviQPP+ovUFzqZ30iQ+674JHWr9wNgnzFGxx9TGipPZMnZXg==",
      "dependencies": {
        "@types/lodash-es": "^4.17.12",
        "codsen-utils": "^1.6.4",
        "html-entities": "^2.5.2",
        "lodash-es": "^4.17.21",
        "ranges-apply": "^7.0.16",
        "ranges-push": "^7.0.15",
        "string-left-right": "^6.0.17"
      },
      "engines": {
        "node": ">=14.18.0"
      }
    },
    "node_modules/string-trim-spaces-only": {
      "version": "5.0.10",
      "resolved": "https://registry.npmjs.org/string-trim-spaces-only/-/string-trim-spaces-only-5.0.10.tgz",
      "integrity": "sha512-MhmjE5jNqb1Ylo+BARPRlsdChGLrnPpAUWrT1VOxo9WhWwKVUU6CbZTfjwKaQPYTGS/wsX/4Zek88FM2rEb5iA==",
      "engines": {
        "node": ">=14.18.0"
      }
    },
    "node_modules/tiny-invariant": {
      "version": "1.3.3",
      "resolved": "https://registry.npmjs.org/tiny-invariant/-/tiny-invariant-1.3.3.tgz",
      "integrity": "sha512-+FbBPE1o9QAYvviau/qC5SE3caw21q3xkvWKBtja5vgqOWIHHJ3ioaq1VPfn/Szqctz2bU/oYeKd9/z5BL+PVg=="
    },
    "node_modules/validator": {
      "version": "13.12.0",
      "resolved": "https://registry.npmjs.org/validator/-/validator-13.12.0.tgz",
      "integrity": "sha512-c1Q0mCiPlgdTVVVIJIrBuxNicYE+t/7oKeI9MWLj3fh/uq2Pxh/3eeWbVZ4OcGW1TUf53At0njHw5SMdA3tmMg==",
      "engines": {
        "node": ">= 0.10"
      }
    }
  }
}
